
Microsoft Visual Studio Solution File, Format Version 12.00
# Visual Studio 15
VisualStudioVersion = 15.0.28307.960
MinimumVisualStudioVersion = 10.0.40219.1
Project("{FAE04EC0-301F-11D3-BF4B-00C04F79EFBC}") = "AspNetCoreWebApplication1", "AspNetCoreWebApplication1\AspNetCoreWebApplication1.csproj", "{6E0F787C-0479-4BAC-A23D-B4D594375E2F}"
EndProject
Global
	GlobalSection(SolutionConfigurationPlatforms) = preSolution
		Debug|Any CPU = Debug|Any CPU
		Release|Any CPU = Release|Any CPU
	EndGlobalSection
	GlobalSection(ProjectConfigurationPlatforms) = postSolution
		{6E0F787C-0479-4BAC-A23D-B4D594375E2F}.Debug|Any CPU.ActiveCfg = Debug|Any CPU
		{6E0F787C-0479-4BAC-A23D-B4D594375E2F}.Debug|Any CPU.Build.0 = Debug|Any CPU
		{6E0F787C-0479-4BAC-A23D-B4D594375E2F}.Release|Any CPU.ActiveCfg = Release|Any CPU
		{6E0F787C-0479-4BAC-A23D-B4D594375E2F}.Release|Any CPU.Build.0 = Release|Any CPU
	EndGlobalSection
	GlobalSection(SolutionProperties) = preSolution
		HideSolutionNode = FALSE
	EndGlobalSection
	GlobalSection(ExtensibilityGlobals) = postSolution
		SolutionGuid = {22BF685D-C70D-4769-AAA1-4BCF539C6235}
	EndGlobalSection
EndGlobal
