
Microsoft Visual Studio Solution File, Format Version 12.00
# Visual Studio 15
VisualStudioVersion = 15.0.28307.960
MinimumVisualStudioVersion = 10.0.40219.1
Project("{FAE04EC0-301F-11D3-BF4B-00C04F79EFBC}") = "CalculatorApp", "CalculatorApp\CalculatorApp.csproj", "{1DC0FE31-1ABA-412E-98DF-60B83955A7A7}"
EndProject
Project("{FAE04EC0-301F-11D3-BF4B-00C04F79EFBC}") = "CalculatorAppTest", "CalculatorAppTest\CalculatorAppTest.csproj", "{EBE4C4A6-FB05-446C-B6A3-FC79E367F58E}"
EndProject
Project("{FAE04EC0-301F-11D3-BF4B-00C04F79EFBC}") = "CalculatorAppTestRunner", "CalculatorAppTestRunner\CalculatorAppTestRunner.csproj", "{7498FD1F-819F-451E-9CE4-E7A7253C9C96}"
EndProject
Project("{FAE04EC0-301F-11D3-BF4B-00C04F79EFBC}") = "MyTestAdapter", "..\MyTestAdapter\MyTestAdapter\MyTestAdapter.csproj", "{D5DD0A0E-EF07-4538-80D4-98C8F7CF4286}"
EndProject
Global
	GlobalSection(SolutionConfigurationPlatforms) = preSolution
		Debug|Any CPU = Debug|Any CPU
		Release|Any CPU = Release|Any CPU
	EndGlobalSection
	GlobalSection(ProjectConfigurationPlatforms) = postSolution
		{1DC0FE31-1ABA-412E-98DF-60B83955A7A7}.Debug|Any CPU.ActiveCfg = Debug|Any CPU
		{1DC0FE31-1ABA-412E-98DF-60B83955A7A7}.Debug|Any CPU.Build.0 = Debug|Any CPU
		{1DC0FE31-1ABA-412E-98DF-60B83955A7A7}.Release|Any CPU.ActiveCfg = Release|Any CPU
		{1DC0FE31-1ABA-412E-98DF-60B83955A7A7}.Release|Any CPU.Build.0 = Release|Any CPU
		{EBE4C4A6-FB05-446C-B6A3-FC79E367F58E}.Debug|Any CPU.ActiveCfg = Debug|Any CPU
		{EBE4C4A6-FB05-446C-B6A3-FC79E367F58E}.Debug|Any CPU.Build.0 = Debug|Any CPU
		{EBE4C4A6-FB05-446C-B6A3-FC79E367F58E}.Release|Any CPU.ActiveCfg = Release|Any CPU
		{EBE4C4A6-FB05-446C-B6A3-FC79E367F58E}.Release|Any CPU.Build.0 = Release|Any CPU
		{7498FD1F-819F-451E-9CE4-E7A7253C9C96}.Debug|Any CPU.ActiveCfg = Debug|Any CPU
		{7498FD1F-819F-451E-9CE4-E7A7253C9C96}.Debug|Any CPU.Build.0 = Debug|Any CPU
		{7498FD1F-819F-451E-9CE4-E7A7253C9C96}.Release|Any CPU.ActiveCfg = Release|Any CPU
		{7498FD1F-819F-451E-9CE4-E7A7253C9C96}.Release|Any CPU.Build.0 = Release|Any CPU
		{D5DD0A0E-EF07-4538-80D4-98C8F7CF4286}.Debug|Any CPU.ActiveCfg = Debug|Any CPU
		{D5DD0A0E-EF07-4538-80D4-98C8F7CF4286}.Debug|Any CPU.Build.0 = Debug|Any CPU
		{D5DD0A0E-EF07-4538-80D4-98C8F7CF4286}.Release|Any CPU.ActiveCfg = Release|Any CPU
		{D5DD0A0E-EF07-4538-80D4-98C8F7CF4286}.Release|Any CPU.Build.0 = Release|Any CPU
	EndGlobalSection
	GlobalSection(SolutionProperties) = preSolution
		HideSolutionNode = FALSE
	EndGlobalSection
	GlobalSection(ExtensibilityGlobals) = postSolution
		SolutionGuid = {2CF8F9AE-2303-47F8-A034-2948F9AF1B60}
	EndGlobalSection
EndGlobal
