
Microsoft Visual Studio Solution File, Format Version 12.00
# Visual Studio 15
VisualStudioVersion = 15.0.28307.960
MinimumVisualStudioVersion = 10.0.40219.1
Project("{FAE04EC0-301F-11D3-BF4B-00C04F79EFBC}") = "MyTestAdapter", "MyTestAdapter\MyTestAdapter.csproj", "{D5DD0A0E-EF07-4538-80D4-98C8F7CF4286}"
EndProject
Project("{FAE04EC0-301F-11D3-BF4B-00C04F79EFBC}") = "MyTestRunner", "MyTestRunner\MyTestRunner.csproj", "{02322DD8-7843-400E-BD75-DFD845A6816C}"
EndProject
Project("{FAE04EC0-301F-11D3-BF4B-00C04F79EFBC}") = "MyTestAdapterTest", "MyTestAdapterTest\MyTestAdapterTest.csproj", "{D230F66F-7D96-465B-A3A8-6BF0F5450569}"
EndProject
Global
	GlobalSection(SolutionConfigurationPlatforms) = preSolution
		Debug|Any CPU = Debug|Any CPU
		Release|Any CPU = Release|Any CPU
	EndGlobalSection
	GlobalSection(ProjectConfigurationPlatforms) = postSolution
		{D5DD0A0E-EF07-4538-80D4-98C8F7CF4286}.Debug|Any CPU.ActiveCfg = Debug|Any CPU
		{D5DD0A0E-EF07-4538-80D4-98C8F7CF4286}.Debug|Any CPU.Build.0 = Debug|Any CPU
		{D5DD0A0E-EF07-4538-80D4-98C8F7CF4286}.Release|Any CPU.ActiveCfg = Release|Any CPU
		{D5DD0A0E-EF07-4538-80D4-98C8F7CF4286}.Release|Any CPU.Build.0 = Release|Any CPU
		{02322DD8-7843-400E-BD75-DFD845A6816C}.Debug|Any CPU.ActiveCfg = Debug|Any CPU
		{02322DD8-7843-400E-BD75-DFD845A6816C}.Debug|Any CPU.Build.0 = Debug|Any CPU
		{02322DD8-7843-400E-BD75-DFD845A6816C}.Release|Any CPU.ActiveCfg = Release|Any CPU
		{02322DD8-7843-400E-BD75-DFD845A6816C}.Release|Any CPU.Build.0 = Release|Any CPU
		{D230F66F-7D96-465B-A3A8-6BF0F5450569}.Debug|Any CPU.ActiveCfg = Debug|Any CPU
		{D230F66F-7D96-465B-A3A8-6BF0F5450569}.Debug|Any CPU.Build.0 = Debug|Any CPU
		{D230F66F-7D96-465B-A3A8-6BF0F5450569}.Release|Any CPU.ActiveCfg = Release|Any CPU
		{D230F66F-7D96-465B-A3A8-6BF0F5450569}.Release|Any CPU.Build.0 = Release|Any CPU
	EndGlobalSection
	GlobalSection(SolutionProperties) = preSolution
		HideSolutionNode = FALSE
	EndGlobalSection
	GlobalSection(ExtensibilityGlobals) = postSolution
		SolutionGuid = {93E6C820-5670-4F8C-82DE-6ABECFBE2AF0}
	EndGlobalSection
EndGlobal
