
Microsoft Visual Studio Solution File, Format Version 12.00
# Visual Studio 15
VisualStudioVersion = 15.0.28307.902
MinimumVisualStudioVersion = 10.0.40219.1
Project("{8BC9CEB8-8B4A-11D0-8D11-00A0C91BC942}") = "KbhitTest", "KbhitTest\KbhitTest.vcxproj", "{CA880B32-DAFB-40C5-B63B-BBDDCE9608C8}"
EndProject
Project("{8BC9CEB8-8B4A-11D0-8D11-00A0C91BC942}") = "KbWinTest", "KbWinTest\KbWinTest.vcxproj", "{F81F5F39-2438-45C7-AFB5-215A2E7008FF}"
EndProject
Global
	GlobalSection(SolutionConfigurationPlatforms) = preSolution
		Debug|x64 = Debug|x64
		Debug|x86 = Debug|x86
		Release|x64 = Release|x64
		Release|x86 = Release|x86
	EndGlobalSection
	GlobalSection(ProjectConfigurationPlatforms) = postSolution
		{CA880B32-DAFB-40C5-B63B-BBDDCE9608C8}.Debug|x64.ActiveCfg = Debug|x64
		{CA880B32-DAFB-40C5-B63B-BBDDCE9608C8}.Debug|x64.Build.0 = Debug|x64
		{CA880B32-DAFB-40C5-B63B-BBDDCE9608C8}.Debug|x86.ActiveCfg = Debug|Win32
		{CA880B32-DAFB-40C5-B63B-BBDDCE9608C8}.Debug|x86.Build.0 = Debug|Win32
		{CA880B32-DAFB-40C5-B63B-BBDDCE9608C8}.Release|x64.ActiveCfg = Release|x64
		{CA880B32-DAFB-40C5-B63B-BBDDCE9608C8}.Release|x64.Build.0 = Release|x64
		{CA880B32-DAFB-40C5-B63B-BBDDCE9608C8}.Release|x86.ActiveCfg = Release|Win32
		{CA880B32-DAFB-40C5-B63B-BBDDCE9608C8}.Release|x86.Build.0 = Release|Win32
		{F81F5F39-2438-45C7-AFB5-215A2E7008FF}.Debug|x64.ActiveCfg = Debug|x64
		{F81F5F39-2438-45C7-AFB5-215A2E7008FF}.Debug|x64.Build.0 = Debug|x64
		{F81F5F39-2438-45C7-AFB5-215A2E7008FF}.Debug|x86.ActiveCfg = Debug|Win32
		{F81F5F39-2438-45C7-AFB5-215A2E7008FF}.Debug|x86.Build.0 = Debug|Win32
		{F81F5F39-2438-45C7-AFB5-215A2E7008FF}.Release|x64.ActiveCfg = Release|x64
		{F81F5F39-2438-45C7-AFB5-215A2E7008FF}.Release|x64.Build.0 = Release|x64
		{F81F5F39-2438-45C7-AFB5-215A2E7008FF}.Release|x86.ActiveCfg = Release|Win32
		{F81F5F39-2438-45C7-AFB5-215A2E7008FF}.Release|x86.Build.0 = Release|Win32
	EndGlobalSection
	GlobalSection(SolutionProperties) = preSolution
		HideSolutionNode = FALSE
	EndGlobalSection
	GlobalSection(ExtensibilityGlobals) = postSolution
		SolutionGuid = {CF0AF9E9-5BF7-40D4-8F9C-9C4389B95A63}
	EndGlobalSection
EndGlobal
