
Microsoft Visual Studio Solution File, Format Version 12.00
# Visual Studio 15
VisualStudioVersion = 15.0.28307.852
MinimumVisualStudioVersion = 10.0.40219.1
Project("{FAE04EC0-301F-11D3-BF4B-00C04F79EFBC}") = "WindowsFormsControlLibrary1", "WindowsFormsControlLibrary1\WindowsFormsControlLibrary1.csproj", "{BACCA324-73DD-4A3A-B336-D0D130776E96}"
EndProject
Global
	GlobalSection(SolutionConfigurationPlatforms) = preSolution
		Debug|Any CPU = Debug|Any CPU
		Release|Any CPU = Release|Any CPU
	EndGlobalSection
	GlobalSection(ProjectConfigurationPlatforms) = postSolution
		{BACCA324-73DD-4A3A-B336-D0D130776E96}.Debug|Any CPU.ActiveCfg = Debug|Any CPU
		{BACCA324-73DD-4A3A-B336-D0D130776E96}.Debug|Any CPU.Build.0 = Debug|Any CPU
		{BACCA324-73DD-4A3A-B336-D0D130776E96}.Release|Any CPU.ActiveCfg = Release|Any CPU
		{BACCA324-73DD-4A3A-B336-D0D130776E96}.Release|Any CPU.Build.0 = Release|Any CPU
	EndGlobalSection
	GlobalSection(SolutionProperties) = preSolution
		HideSolutionNode = FALSE
	EndGlobalSection
	GlobalSection(ExtensibilityGlobals) = postSolution
		SolutionGuid = {4185605E-F597-4181-B535-4D152318005C}
	EndGlobalSection
EndGlobal
